// !$*UTF8*$!
{
	archiveVersion = 1;
	classes = {
	};
	objectVersion = 50;
	objects = {

/* Begin PBXBuildFile section */
		4D40CA872382F6D4006C2AF3 /* AppDelegate.swift in Sources */ = {isa = PBXBuildFile; fileRef = 4D40CA862382F6D4006C2AF3 /* AppDelegate.swift */; };
		4D40CA892382F6D4006C2AF3 /* SceneDelegate.swift in Sources */ = {isa = PBXBuildFile; fileRef = 4D40CA882382F6D4006C2AF3 /* SceneDelegate.swift */; };
		4D40CA8B2382F6D4006C2AF3 /* ContentView.swift in Sources */ = {isa = PBXBuildFile; fileRef = 4D40CA8A2382F6D4006C2AF3 /* ContentView.swift */; };
		4D40CA8D2382F6D7006C2AF3 /* Assets.xcassets in Resources */ = {isa = PBXBuildFile; fileRef = 4D40CA8C2382F6D7006C2AF3 /* Assets.xcassets */; };
		4D40CA902382F6D7006C2AF3 /* Preview Assets.xcassets in Resources */ = {isa = PBXBuildFile; fileRef = 4D40CA8F2382F6D7006C2AF3 /* Preview Assets.xcassets */; };
		4D40CA932382F6D7006C2AF3 /* LaunchScreen.storyboard in Resources */ = {isa = PBXBuildFile; fileRef = 4D40CA912382F6D7006C2AF3 /* LaunchScreen.storyboard */; };
/* End PBXBuildFile section */

/* Begin PBXFileReference section */
		4D40CA832382F6D4006C2AF3 /* Score.app */ = {isa = PBXFileReference; explicitFileType = wrapper.application; includeInIndex = 0; path = Score.app; sourceTree = BUILT_PRODUCTS_DIR; };
		4D40CA862382F6D4006C2AF3 /* AppDelegate.swift */ = {isa = PBXFileReference; lastKnownFileType = sourcecode.swift; path = AppDelegate.swift; sourceTree = "<group>"; };
		4D40CA882382F6D4006C2AF3 /* SceneDelegate.swift */ = {isa = PBXFileReference; lastKnownFileType = sourcecode.swift; path = SceneDelegate.swift; sourceTree = "<group>"; };
		4D40CA8A2382F6D4006C2AF3 /* ContentView.swift */ = {isa = PBXFileReference; lastKnownFileType = sourcecode.swift; path = ContentView.swift; sourceTree = "<group>"; };
		4D40CA8C2382F6D7006C2AF3 /* Assets.xcassets */ = {isa = PBXFileReference; lastKnownFileType = folder.assetcatalog; path = Assets.xcassets; sourceTree = "<group>"; };
		4D40CA8F2382F6D7006C2AF3 /* Preview Assets.xcassets */ = {isa = PBXFileReference; lastKnownFileType = folder.assetcatalog; path = "Preview Assets.xcassets"; sourceTree = "<group>"; };
		4D40CA922382F6D7006C2AF3 /* Base */ = {isa = PBXFileReference; lastKnownFileType = file.storyboard; name = Base; path = Base.lproj/LaunchScreen.storyboard; sourceTree = "<group>"; };
		4D40CA942382F6D7006C2AF3 /* Info.plist */ = {isa = PBXFileReference; lastKnownFileType = text.plist.xml; path = Info.plist; sourceTree = "<group>"; };
/* End PBXFileReference section */

/* Begin PBXFrameworksBuildPhase section */
		4D40CA802382F6D4006C2AF3 /* Frameworks */ = {
			isa = PBXFrameworksBuildPhase;
			buildActionMask = 2147483647;
			files = (
			);
			runOnlyForDeploymentPostprocessing = 0;
		};
/* End PBXFrameworksBuildPhase section */

/* Begin PBXGroup section */
		4D40CA7A2382F6D4006C2AF3 = {
			isa = PBXGroup;
			children = (
				4D40CA852382F6D4006C2AF3 /* Score */,
				4D40CA842382F6D4006C2AF3 /* Products */,
			);
			sourceTree = "<group>";
		};
		4D40CA842382F6D4006C2AF3 /* Products */ = {
			isa = PBXGroup;
			children = (
				4D40CA832382F6D4006C2AF3 /* Score.app */,
			);
			name = Products;
			sourceTree = "<group>";
		};
		4D40CA852382F6D4006C2AF3 /* Score */ = {
			isa = PBXGroup;
			children = (
				4D40CA862382F6D4006C2AF3 /* AppDelegate.swift */,
				4D40CA882382F6D4006C2AF3 /* SceneDelegate.swift */,
				4D40CA8A2382F6D4006C2AF3 /* ContentView.swift */,
				4D40CA8C2382F6D7006C2AF3 /* Assets.xcassets */,
				4D40CA912382F6D7006C2AF3 /* LaunchScreen.storyboard */,
				4D40CA942382F6D7006C2AF3 /* Info.plist */,
				4D40CA8E2382F6D7006C2AF3 /* Preview Content */,
			);
			path = Score;
			sourceTree = "<group>";
		};
		4D40CA8E2382F6D7006C2AF3 /* Preview Content */ = {
			isa = PBXGroup;
			children = (
				4D40CA8F2382F6D7006C2AF3 /* Preview Assets.xcassets */,
			);
			path = "Preview Content";
			sourceTree = "<group>";
		};
/* End PBXGroup section */

/* Begin PBXNativeTarget section */
		4D40CA822382F6D4006C2AF3 /* Score */ = {
			isa = PBXNativeTarget;
			buildConfigurationList = 4D40CA972382F6D7006C2AF3 /* Build configuration list for PBXNativeTarget "Score" */;
			buildPhases = (
				4D40CA7F2382F6D4006C2AF3 /* Sources */,
				4D40CA802382F6D4006C2AF3 /* Frameworks */,
				4D40CA812382F6D4006C2AF3 /* Resources */,
			);
			buildRules = (
			);
			dependencies = (
			);
			name = Score;
			productName = Score;
			productReference = 4D40CA832382F6D4006C2AF3 /* Score.app */;
			productType = "com.apple.product-type.application";
		};
/* End PBXNativeTarget section */

/* Begin PBXProject section */
		4D40CA7B2382F6D4006C2AF3 /* Project object */ = {
			isa = PBXProject;
			attributes = {
				LastSwiftUpdateCheck = 1120;
				LastUpgradeCheck = 1120;
				ORGANIZATIONNAME = "Bjarne Helland";
				TargetAttributes = {
					4D40CA822382F6D4006C2AF3 = {
						CreatedOnToolsVersion = 11.2.1;
					};
				};
			};
			buildConfigurationList = 4D40CA7E2382F6D4006C2AF3 /* Build configuration list for PBXProject "Score" */;
			compatibilityVersion = "Xcode 9.3";
			developmentRegion = en;
			hasScannedForEncodings = 0;
			knownRegions = (
				en,
				Base,
			);
			mainGroup = 4D40CA7A2382F6D4006C2AF3;
			productRefGroup = 4D40CA842382F6D4006C2AF3 /* Products */;
			projectDirPath = "";
			projectRoot = "";
			targets = (
				4D40CA822382F6D4006C2AF3 /* Score */,
			);
		};
/* End PBXProject section */

/* Begin PBXResourcesBuildPhase section */
		4D40CA812382F6D4006C2AF3 /* Resources */ = {
			isa = PBXResourcesBuildPhase;
			buildActionMask = 2147483647;
			files = (
				4D40CA932382F6D7006C2AF3 /* LaunchScreen.storyboard in Resources */,
				4D40CA902382F6D7006C2AF3 /* Preview Assets.xcassets in Resources */,
				4D40CA8D2382F6D7006C2AF3 /* Assets.xcassets in Resources */,
			);
			runOnlyForDeploymentPostprocessing = 0;
		};
/* End PBXResourcesBuildPhase section */

/* Begin PBXSourcesBuildPhase section */
		4D40CA7F2382F6D4006C2AF3 /* Sources */ = {
			isa = PBXSourcesBuildPhase;
			buildActionMask = 2147483647;
			files = (
				4D40CA872382F6D4006C2AF3 /* AppDelegate.swift in Sources */,
				4D40CA892382F6D4006C2AF3 /* SceneDelegate.swift in Sources */,
				4D40CA8B2382F6D4006C2AF3 /* ContentView.swift in Sources */,
			);
			runOnlyForDeploymentPostprocessing = 0;
		};
/* End PBXSourcesBuildPhase section */

/* Begin PBXVariantGroup section */
		4D40CA912382F6D7006C2AF3 /* LaunchScreen.storyboard */ = {
			isa = PBXVariantGroup;
			children = (
				4D40CA922382F6D7006C2AF3 /* Base */,
			);
			name = LaunchScreen.storyboard;
			sourceTree = "<group>";
		};
/* End PBXVariantGroup section */

/* Begin XCBuildConfiguration section */
		4D40CA952382F6D7006C2AF3 /* Debug */ = {
			isa = XCBuildConfiguration;
			buildSettings = {
				ALWAYS_SEARCH_USER_PATHS = NO;
				CLANG_ANALYZER_NONNULL = YES;
				CLANG_ANALYZER_NUMBER_OBJECT_CONVERSION = YES_AGGRESSIVE;
				CLANG_CXX_LANGUAGE_STANDARD = "gnu++14";
				CLANG_CXX_LIBRARY = "libc++";
				CLANG_ENABLE_MODULES = YES;
				CLANG_ENABLE_OBJC_ARC = YES;
				CLANG_ENABLE_OBJC_WEAK = YES;
				CLANG_WARN_BLOCK_CAPTURE_AUTORELEASING = YES;
				CLANG_WARN_BOOL_CONVERSION = YES;
				CLANG_WARN_COMMA = YES;
				CLANG_WARN_CONSTANT_CONVERSION = YES;
				CLANG_WARN_DEPRECATED_OBJC_IMPLEMENTATIONS = YES;
				CLANG_WARN_DIRECT_OBJC_ISA_USAGE = YES_ERROR;
				CLANG_WARN_DOCUMENTATION_COMMENTS = YES;
				CLANG_WARN_EMPTY_BODY = YES;
				CLANG_WARN_ENUM_CONVERSION = YES;
				CLANG_WARN_INFINITE_RECURSION = YES;
				CLANG_WARN_INT_CONVERSION = YES;
				CLANG_WARN_NON_LITERAL_NULL_CONVERSION = YES;
				CLANG_WARN_OBJC_IMPLICIT_RETAIN_SELF = YES;
				CLANG_WARN_OBJC_LITERAL_CONVERSION = YES;
				CLANG_WARN_OBJC_ROOT_CLASS = YES_ERROR;
				CLANG_WARN_RANGE_LOOP_ANALYSIS = YES;
				CLANG_WARN_STRICT_PROTOTYPES = YES;
				CLANG_WARN_SUSPICIOUS_MOVE = YES;
				CLANG_WARN_UNGUARDED_AVAILABILITY = YES_AGGRESSIVE;
				CLANG_WARN_UNREACHABLE_CODE = YES;
				CLANG_WARN__DUPLICATE_METHOD_MATCH = YES;
				COPY_PHASE_STRIP = NO;
				DEBUG_INFORMATION_FORMAT = dwarf;
				ENABLE_STRICT_OBJC_MSGSEND = YES;
				ENABLE_TESTABILITY = YES;
				GCC_C_LANGUAGE_STANDARD = gnu11;
				GCC_DYNAMIC_NO_PIC = NO;
				GCC_NO_COMMON_BLOCKS = YES;
				GCC_OPTIMIZATION_LEVEL = 0;
				GCC_PREPROCESSOR_DEFINITIONS = (
					"DEBUG=1",
					"$(inherited)",
				);
				GCC_WARN_64_TO_32_BIT_CONVERSION = YES;
				GCC_WARN_ABOUT_RETURN_TYPE = YES_ERROR;
				GCC_WARN_UNDECLARED_SELECTOR = YES;
				GCC_WARN_UNINITIALIZED_AUTOS = YES_AGGRESSIVE;
				GCC_WARN_UNUSED_FUNCTION = YES;
				GCC_WARN_UNUSED_VARIABLE = YES;
				IPHONEOS_DEPLOYMENT_TARGET = 13.2;
				MTL_ENABLE_DEBUG_INFO = INCLUDE_SOURCE;
				MTL_FAST_MATH = YES;
				ONLY_ACTIVE_ARCH = YES;
				SDKROOT = iphoneos;
				SWIFT_ACTIVE_COMPILATION_CONDITIONS = DEBUG;
				SWIFT_OPTIMIZATION_LEVEL = "-Onone";
			};
			name = Debug;
		};
		4D40CA962382F6D7006C2AF3 /* Release */ = {
			isa = XCBuildConfiguration;
			buildSettings = {
				ALWAYS_SEARCH_USER_PATHS = NO;
				CLANG_ANALYZER_NONNULL = YES;
				CLANG_ANALYZER_NUMBER_OBJECT_CONVERSION = YES_AGGRESSIVE;
				CLANG_CXX_LANGUAGE_STANDARD = "gnu++14";
				CLANG_CXX_LIBRARY = "libc++";
				CLANG_ENABLE_MODULES = YES;
				CLANG_ENABLE_OBJC_ARC = YES;
				CLANG_ENABLE_OBJC_WEAK = YES;
				CLANG_WARN_BLOCK_CAPTURE_AUTORELEASING = YES;
				CLANG_WARN_BOOL_CONVERSION = YES;
				CLANG_WARN_COMMA = YES;
				CLANG_WARN_CONSTANT_CONVERSION = YES;
				CLANG_WARN_DEPRECATED_OBJC_IMPLEMENTATIONS = YES;
				CLANG_WARN_DIRECT_OBJC_ISA_USAGE = YES_ERROR;
				CLANG_WARN_DOCUMENTATION_COMMENTS = YES;
				CLANG_WARN_EMPTY_BODY = YES;
				CLANG_WARN_ENUM_CONVERSION = YES;
				CLANG_WARN_INFINITE_RECURSION = YES;
				CLANG_WARN_INT_CONVERSION = YES;
				CLANG_WARN_NON_LITERAL_NULL_CONVERSION = YES;
				CLANG_WARN_OBJC_IMPLICIT_RETAIN_SELF = YES;
				CLANG_WARN_OBJC_LITERAL_CONVERSION = YES;
				CLANG_WARN_OBJC_ROOT_CLASS = YES_ERROR;
				CLANG_WARN_RANGE_LOOP_ANALYSIS = YES;
				CLANG_WARN_STRICT_PROTOTYPES = YES;
				CLANG_WARN_SUSPICIOUS_MOVE = YES;
				CLANG_WARN_UNGUARDED_AVAILABILITY = YES_AGGRESSIVE;
				CLANG_WARN_UNREACHABLE_CODE = YES;
				CLANG_WARN__DUPLICATE_METHOD_MATCH = YES;
				COPY_PHASE_STRIP = NO;
				DEBUG_INFORMATION_FORMAT = "dwarf-with-dsym";
				ENABLE_NS_ASSERTIONS = NO;
				ENABLE_STRICT_OBJC_MSGSEND = YES;
				GCC_C_LANGUAGE_STANDARD = gnu11;
				GCC_NO_COMMON_BLOCKS = YES;
				GCC_WARN_64_TO_32_BIT_CONVERSION = YES;
				GCC_WARN_ABOUT_RETURN_TYPE = YES_ERROR;
				GCC_WARN_UNDECLARED_SELECTOR = YES;
				GCC_WARN_UNINITIALIZED_AUTOS = YES_AGGRESSIVE;
				GCC_WARN_UNUSED_FUNCTION = YES;
				GCC_WARN_UNUSED_VARIABLE = YES;
				IPHONEOS_DEPLOYMENT_TARGET = 13.2;
				MTL_ENABLE_DEBUG_INFO = NO;
				MTL_FAST_MATH = YES;
				SDKROOT = iphoneos;
				SWIFT_COMPILATION_MODE = wholemodule;
				SWIFT_OPTIMIZATION_LEVEL = "-O";
				VALIDATE_PRODUCT = YES;
			};
			name = Release;
		};
		4D40CA982382F6D7006C2AF3 /* Debug */ = {
			isa = XCBuildConfiguration;
			buildSettings = {
				ASSETCATALOG_COMPILER_APPICON_NAME = AppIcon;
				CODE_SIGN_STYLE = Automatic;
				DEVELOPMENT_ASSET_PATHS = "\"Score/Preview Content\"";
				DEVELOPMENT_TEAM = 99635GUB5E;
				ENABLE_PREVIEWS = YES;
				INFOPLIST_FILE = Score/Info.plist;
				LD_RUNPATH_SEARCH_PATHS = (
					"$(inherited)",
					"@executable_path/Frameworks",
				);
				PRODUCT_BUNDLE_IDENTIFIER = com.bjarnehelland.Score;
				PRODUCT_NAME = "$(TARGET_NAME)";
				SWIFT_VERSION = 5.0;
				TARGETED_DEVICE_FAMILY = "1,2";
			};
			name = Debug;
		};
		4D40CA992382F6D7006C2AF3 /* Release */ = {
			isa = XCBuildConfiguration;
			buildSettings = {
				ASSETCATALOG_COMPILER_APPICON_NAME = AppIcon;
				CODE_SIGN_STYLE = Automatic;
				DEVELOPMENT_ASSET_PATHS = "\"Score/Preview Content\"";
				DEVELOPMENT_TEAM = 99635GUB5E;
				ENABLE_PREVIEWS = YES;
				INFOPLIST_FILE = Score/Info.plist;
				LD_RUNPATH_SEARCH_PATHS = (
					"$(inherited)",
					"@executable_path/Frameworks",
				);
				PRODUCT_BUNDLE_IDENTIFIER = com.bjarnehelland.Score;
				PRODUCT_NAME = "$(TARGET_NAME)";
				SWIFT_VERSION = 5.0;
				TARGETED_DEVICE_FAMILY = "1,2";
			};
			name = Release;
		};
/* End XCBuildConfiguration section */

/* Begin XCConfigurationList section */
		4D40CA7E2382F6D4006C2AF3 /* Build configuration list for PBXProject "Score" */ = {
			isa = XCConfigurationList;
			buildConfigurations = (
				4D40CA952382F6D7006C2AF3 /* Debug */,
				4D40CA962382F6D7006C2AF3 /* Release */,
			);
			defaultConfigurationIsVisible = 0;
			defaultConfigurationName = Release;
		};
		4D40CA972382F6D7006C2AF3 /* Build configuration list for PBXNativeTarget "Score" */ = {
			isa = XCConfigurationList;
			buildConfigurations = (
				4D40CA982382F6D7006C2AF3 /* Debug */,
				4D40CA992382F6D7006C2AF3 /* Release */,
			);
			defaultConfigurationIsVisible = 0;
			defaultConfigurationName = Release;
		};
/* End XCConfigurationList section */
	};
	rootObject = 4D40CA7B2382F6D4006C2AF3 /* Project object */;
}
